
Microsoft Visual Studio Solution File, Format Version 12.00
# Visual Studio Version 16
VisualStudioVersion = 16.0.32602.291
MinimumVisualStudioVersion = 10.0.40219.1
Project("{FAE04EC0-301F-11D3-BF4B-00C04F79EFBC}") = "Задача12", "..\Задача12.\Задача12.\Задача12.csproj", "{5DD09006-E7B1-43EB-974B-DC58E5CAFF97}"
EndProject
Global
	GlobalSection(SolutionConfigurationPlatforms) = preSolution
		Debug|Any CPU = Debug|Any CPU
		Release|Any CPU = Release|Any CPU
	EndGlobalSection
	GlobalSection(ProjectConfigurationPlatforms) = postSolution
		{5DD09006-E7B1-43EB-974B-DC58E5CAFF97}.Debug|Any CPU.ActiveCfg = Debug|Any CPU
		{5DD09006-E7B1-43EB-974B-DC58E5CAFF97}.Debug|Any CPU.Build.0 = Debug|Any CPU
		{5DD09006-E7B1-43EB-974B-DC58E5CAFF97}.Release|Any CPU.ActiveCfg = Release|Any CPU
		{5DD09006-E7B1-43EB-974B-DC58E5CAFF97}.Release|Any CPU.Build.0 = Release|Any CPU
	EndGlobalSection
	GlobalSection(SolutionProperties) = preSolution
		HideSolutionNode = FALSE
	EndGlobalSection
	GlobalSection(ExtensibilityGlobals) = postSolution
		SolutionGuid = {E659CC3C-0250-42FC-9634-37AB6FFCA517}
	EndGlobalSection
EndGlobal
